
Microsoft Visual Studio Solution File, Format Version 12.00
# Visual Studio 14
VisualStudioVersion = 14.0.25420.1
MinimumVisualStudioVersion = 10.0.40219.1
Project("{F184B08F-C81C-45F6-A57F-5ABD9991F28F}") = "Hotelie.Domain", "Hotelie.Domain\Hotelie.Domain.vbproj", "{490CDDD6-1D75-43C7-972E-52569504050C}"
EndProject
Project("{2150E333-8FDC-42A3-9474-1A3956D46DE8}") = "Tests", "Tests", "{62C076DB-B1B8-4478-B0DF-CF70D0C3A715}"
EndProject
Project("{F184B08F-C81C-45F6-A57F-5ABD9991F28F}") = "Hotelie.Domain.Test", "Tests\Hotelie.Domain.Test\Hotelie.Domain.Test.vbproj", "{78EDBE8C-98B6-48C9-BEB4-0E3F90F7A3F0}"
EndProject
Project("{F184B08F-C81C-45F6-A57F-5ABD9991F28F}") = "Hotelie.Application.Test", "Tests\Hotelie.Application.Test\Hotelie.Application.Test.vbproj", "{19DA08C3-E744-4BF4-BB38-57F9CBA04162}"
EndProject
Project("{F184B08F-C81C-45F6-A57F-5ABD9991F28F}") = "Hotelie.Application", "Hotelie.Application\Hotelie.Application.vbproj", "{448CF32F-1323-4D4E-B28C-1DDED33124D4}"
EndProject
Project("{F184B08F-C81C-45F6-A57F-5ABD9991F28F}") = "Hotelie.Persistence", "Hotelie.Persistence\Hotelie.Persistence.vbproj", "{A74D47FE-984A-4EFB-83FA-DE23F848927D}"
EndProject
Project("{F184B08F-C81C-45F6-A57F-5ABD9991F28F}") = "Hotelie.Persistence.Test", "Tests\Hotelie.Persistence.Test\Hotelie.Persistence.Test.vbproj", "{A855A91D-3917-40FA-BD14-FFFCF4EFA9EC}"
EndProject
Project("{F184B08F-C81C-45F6-A57F-5ABD9991F28F}") = "Hotelie.Persistence.EF.Test", "Tests\Hotelie.Persistence.EF.Test\Hotelie.Persistence.EF.Test.vbproj", "{CF3F0037-EF1D-43A2-B4EB-BD896E85F4D3}"
EndProject
Project("{F184B08F-C81C-45F6-A57F-5ABD9991F28F}") = "Hotelie.Registry", "Hotelie.Registry\Hotelie.Registry.vbproj", "{E18BA51A-E5F2-491A-8383-D3C1FA40A367}"
EndProject
Global
	GlobalSection(SolutionConfigurationPlatforms) = preSolution
		Debug|Any CPU = Debug|Any CPU
		Release|Any CPU = Release|Any CPU
	EndGlobalSection
	GlobalSection(ProjectConfigurationPlatforms) = postSolution
		{490CDDD6-1D75-43C7-972E-52569504050C}.Debug|Any CPU.ActiveCfg = Debug|Any CPU
		{490CDDD6-1D75-43C7-972E-52569504050C}.Debug|Any CPU.Build.0 = Debug|Any CPU
		{490CDDD6-1D75-43C7-972E-52569504050C}.Release|Any CPU.ActiveCfg = Release|Any CPU
		{490CDDD6-1D75-43C7-972E-52569504050C}.Release|Any CPU.Build.0 = Release|Any CPU
		{78EDBE8C-98B6-48C9-BEB4-0E3F90F7A3F0}.Debug|Any CPU.ActiveCfg = Debug|Any CPU
		{78EDBE8C-98B6-48C9-BEB4-0E3F90F7A3F0}.Debug|Any CPU.Build.0 = Debug|Any CPU
		{78EDBE8C-98B6-48C9-BEB4-0E3F90F7A3F0}.Release|Any CPU.ActiveCfg = Release|Any CPU
		{78EDBE8C-98B6-48C9-BEB4-0E3F90F7A3F0}.Release|Any CPU.Build.0 = Release|Any CPU
		{19DA08C3-E744-4BF4-BB38-57F9CBA04162}.Debug|Any CPU.ActiveCfg = Debug|Any CPU
		{19DA08C3-E744-4BF4-BB38-57F9CBA04162}.Debug|Any CPU.Build.0 = Debug|Any CPU
		{19DA08C3-E744-4BF4-BB38-57F9CBA04162}.Release|Any CPU.ActiveCfg = Release|Any CPU
		{19DA08C3-E744-4BF4-BB38-57F9CBA04162}.Release|Any CPU.Build.0 = Release|Any CPU
		{448CF32F-1323-4D4E-B28C-1DDED33124D4}.Debug|Any CPU.ActiveCfg = Debug|Any CPU
		{448CF32F-1323-4D4E-B28C-1DDED33124D4}.Debug|Any CPU.Build.0 = Debug|Any CPU
		{448CF32F-1323-4D4E-B28C-1DDED33124D4}.Release|Any CPU.ActiveCfg = Release|Any CPU
		{448CF32F-1323-4D4E-B28C-1DDED33124D4}.Release|Any CPU.Build.0 = Release|Any CPU
		{A74D47FE-984A-4EFB-83FA-DE23F848927D}.Debug|Any CPU.ActiveCfg = Debug|Any CPU
		{A74D47FE-984A-4EFB-83FA-DE23F848927D}.Debug|Any CPU.Build.0 = Debug|Any CPU
		{A74D47FE-984A-4EFB-83FA-DE23F848927D}.Release|Any CPU.ActiveCfg = Release|Any CPU
		{A74D47FE-984A-4EFB-83FA-DE23F848927D}.Release|Any CPU.Build.0 = Release|Any CPU
		{A855A91D-3917-40FA-BD14-FFFCF4EFA9EC}.Debug|Any CPU.ActiveCfg = Debug|Any CPU
		{A855A91D-3917-40FA-BD14-FFFCF4EFA9EC}.Debug|Any CPU.Build.0 = Debug|Any CPU
		{A855A91D-3917-40FA-BD14-FFFCF4EFA9EC}.Release|Any CPU.ActiveCfg = Release|Any CPU
		{A855A91D-3917-40FA-BD14-FFFCF4EFA9EC}.Release|Any CPU.Build.0 = Release|Any CPU
		{CF3F0037-EF1D-43A2-B4EB-BD896E85F4D3}.Debug|Any CPU.ActiveCfg = Debug|Any CPU
		{CF3F0037-EF1D-43A2-B4EB-BD896E85F4D3}.Debug|Any CPU.Build.0 = Debug|Any CPU
		{CF3F0037-EF1D-43A2-B4EB-BD896E85F4D3}.Release|Any CPU.ActiveCfg = Release|Any CPU
		{CF3F0037-EF1D-43A2-B4EB-BD896E85F4D3}.Release|Any CPU.Build.0 = Release|Any CPU
		{E18BA51A-E5F2-491A-8383-D3C1FA40A367}.Debug|Any CPU.ActiveCfg = Debug|Any CPU
		{E18BA51A-E5F2-491A-8383-D3C1FA40A367}.Debug|Any CPU.Build.0 = Debug|Any CPU
		{E18BA51A-E5F2-491A-8383-D3C1FA40A367}.Release|Any CPU.ActiveCfg = Release|Any CPU
		{E18BA51A-E5F2-491A-8383-D3C1FA40A367}.Release|Any CPU.Build.0 = Release|Any CPU
	EndGlobalSection
	GlobalSection(SolutionProperties) = preSolution
		HideSolutionNode = FALSE
	EndGlobalSection
	GlobalSection(NestedProjects) = preSolution
		{78EDBE8C-98B6-48C9-BEB4-0E3F90F7A3F0} = {62C076DB-B1B8-4478-B0DF-CF70D0C3A715}
		{19DA08C3-E744-4BF4-BB38-57F9CBA04162} = {62C076DB-B1B8-4478-B0DF-CF70D0C3A715}
		{A855A91D-3917-40FA-BD14-FFFCF4EFA9EC} = {62C076DB-B1B8-4478-B0DF-CF70D0C3A715}
		{CF3F0037-EF1D-43A2-B4EB-BD896E85F4D3} = {62C076DB-B1B8-4478-B0DF-CF70D0C3A715}
	EndGlobalSection
EndGlobal
